
Microsoft Visual Studio Solution File, Format Version 12.00
# Visual Studio Version 17
VisualStudioVersion = 17.7.34202.233
MinimumVisualStudioVersion = 10.0.40219.1
Project("{FAE04EC0-301F-11D3-BF4B-00C04F79EFBC}") = "Console", "Console\Console.csproj", "{58BEC567-5019-4C27-882C-1C28069F82AB}"
EndProject
Project("{FAE04EC0-301F-11D3-BF4B-00C04F79EFBC}") = "Project2", "Project2\Project2.csproj", "{0FA0738B-AF3A-4D2C-8E27-8C7AFAFEB0CC}"
EndProject
Global
	GlobalSection(SolutionConfigurationPlatforms) = preSolution
		Debug|Any CPU = Debug|Any CPU
		Release|Any CPU = Release|Any CPU
	EndGlobalSection
	GlobalSection(ProjectConfigurationPlatforms) = postSolution
		{58BEC567-5019-4C27-882C-1C28069F82AB}.Debug|Any CPU.ActiveCfg = Debug|Any CPU
		{58BEC567-5019-4C27-882C-1C28069F82AB}.Debug|Any CPU.Build.0 = Debug|Any CPU
		{58BEC567-5019-4C27-882C-1C28069F82AB}.Release|Any CPU.ActiveCfg = Release|Any CPU
		{58BEC567-5019-4C27-882C-1C28069F82AB}.Release|Any CPU.Build.0 = Release|Any CPU
		{0FA0738B-AF3A-4D2C-8E27-8C7AFAFEB0CC}.Debug|Any CPU.ActiveCfg = Debug|Any CPU
		{0FA0738B-AF3A-4D2C-8E27-8C7AFAFEB0CC}.Debug|Any CPU.Build.0 = Debug|Any CPU
		{0FA0738B-AF3A-4D2C-8E27-8C7AFAFEB0CC}.Release|Any CPU.ActiveCfg = Release|Any CPU
		{0FA0738B-AF3A-4D2C-8E27-8C7AFAFEB0CC}.Release|Any CPU.Build.0 = Release|Any CPU
	EndGlobalSection
	GlobalSection(SolutionProperties) = preSolution
		HideSolutionNode = FALSE
	EndGlobalSection
	GlobalSection(ExtensibilityGlobals) = postSolution
		SolutionGuid = {4545706C-3E19-4244-A823-3B43C60175B6}
	EndGlobalSection
EndGlobal
